{
  "name": "dry_console-patternfly-dependencies",
  "version": "0.0.1",
  "lockfileVersion": 3,
  "requires": true,
  "packages": {
    "": {
      "name": "dry_console-patternfly-dependencies",
      "version": "0.0.1",
      "dependencies": {
        "@fortawesome/fontawesome-free": "^6.5.2",
        "@patternfly/patternfly": "^5.3.0",
        "vanilla-picker": "^2.12.3"
      }
    },
    "node_modules/@fortawesome/fontawesome-free": {
      "version": "6.6.0",
      "resolved": "https://registry.npmjs.org/@fortawesome/fontawesome-free/-/fontawesome-free-6.6.0.tgz",
      "integrity": "sha512-60G28ke/sXdtS9KZCpZSHHkCbdsOGEhIUGlwq6yhY74UpTiToIh8np7A8yphhM4BWsvNFtIvLpi4co+h9Mr9Ow==",
      "engines": {
        "node": ">=6"
      }
    },
    "node_modules/@patternfly/patternfly": {
      "version": "5.3.1",
      "resolved": "https://registry.npmjs.org/@patternfly/patternfly/-/patternfly-5.3.1.tgz",
      "integrity": "sha512-KYIr9pKRTzHZNGuDuaa5j5CaZyLltvotPFGG1BiJalBDBGSOyk0BZCgHLowm4txKZXrLhorEuuv9XLrMQL8eoA=="
    },
    "node_modules/@sphinxxxx/color-conversion": {
      "version": "2.2.2",
      "resolved": "https://registry.npmjs.org/@sphinxxxx/color-conversion/-/color-conversion-2.2.2.tgz",
      "integrity": "sha512-XExJS3cLqgrmNBIP3bBw6+1oQ1ksGjFh0+oClDKFYpCCqx/hlqwWO5KO/S63fzUo67SxI9dMrF0y5T/Ey7h8Zw=="
    },
    "node_modules/vanilla-picker": {
      "version": "2.12.3",
      "resolved": "https://registry.npmjs.org/vanilla-picker/-/vanilla-picker-2.12.3.tgz",
      "integrity": "sha512-qVkT1E7yMbUsB2mmJNFmaXMWE2hF8ffqzMMwe9zdAikd8u2VfnsVY2HQcOUi2F38bgbxzlJBEdS1UUhOXdF9GQ==",
      "dependencies": {
        "@sphinxxxx/color-conversion": "^2.2.2"
      }
    }
  }
}
